dependencies:
  espressif/mdns:
    component_hash: d8ae7aa491ff97aea1d00d514a1de42cdbaaf1bce10df183968fa5594b904de7
    source:
      service_url: https://api.components.espressif.com/
      type: service
    version: 1.2.5
  idf:
    component_hash: null
    source:
      type: idf
    version: 5.2.1
  joltwallet/littlefs:
    component_hash: 703c642136031deca2579bdc19721a397f9fd9033b1c667c7b89fe23fa394c40
    source:
      service_url: https://api.components.espressif.com/
      type: service
    version: 1.14.2
manifest_hash: f218bce23d758b9583c04cca7c2cc3fd0c65a05adaa13ee6ac82c64ef2e15316
target: esp32
version: 1.0.0
